{
  "name": "p2",
  "lockfileVersion": 2,
  "requires": true,
  "packages": {
    "": {
      "dependencies": {
        "helloworld": "^0.0.0"
      }
    },
    "node_modules/helloworld": {
      "version": "0.0.0",
      "resolved": "https://registry.npmjs.org/helloworld/-/helloworld-0.0.0.tgz",
      "integrity": "sha1-LlzHiw/lcIvehBDg9N0rnjKN01c=",
      "engines": {
        "node": "*"
      }
    }
  },
  "dependencies": {
    "helloworld": {
      "version": "0.0.0",
      "resolved": "https://registry.npmjs.org/helloworld/-/helloworld-0.0.0.tgz",
      "integrity": "sha1-LlzHiw/lcIvehBDg9N0rnjKN01c="
    }
  }
}
